// !$*UTF8*$!
{
	archiveVersion = 1;
	classes = {
	};
	objectVersion = 55;
	objects = {

/* Begin PBXBuildFile section */
		20858D58272448B200993B5E /* AppDelegate.swift in Sources */ = {isa = PBXBuildFile; fileRef = 20858D57272448B200993B5E /* AppDelegate.swift */; };
		20858D5A272448B200993B5E /* SceneDelegate.swift in Sources */ = {isa = PBXBuildFile; fileRef = 20858D59272448B200993B5E /* SceneDelegate.swift */; };
		20858D5F272448B200993B5E /* HomeTabBarViewController.storyboard in Resources */ = {isa = PBXBuildFile; fileRef = 20858D5D272448B200993B5E /* HomeTabBarViewController.storyboard */; };
		20858D62272448B200993B5E /* sendo.xcdatamodeld in Sources */ = {isa = PBXBuildFile; fileRef = 20858D60272448B200993B5E /* sendo.xcdatamodeld */; };
		20858D64272448D000993B5E /* Assets.xcassets in Resources */ = {isa = PBXBuildFile; fileRef = 20858D63272448D000993B5E /* Assets.xcassets */; };
		20858D67272448D000993B5E /* LaunchScreen.storyboard in Resources */ = {isa = PBXBuildFile; fileRef = 20858D65272448D000993B5E /* LaunchScreen.storyboard */; };
		20858D72272448D200993B5E /* sendoTests.swift in Sources */ = {isa = PBXBuildFile; fileRef = 20858D71272448D200993B5E /* sendoTests.swift */; };
		20858D7C272448D200993B5E /* sendoUITests.swift in Sources */ = {isa = PBXBuildFile; fileRef = 20858D7B272448D200993B5E /* sendoUITests.swift */; };
		20858D7E272448D200993B5E /* sendoUITestsLaunchTests.swift in Sources */ = {isa = PBXBuildFile; fileRef = 20858D7D272448D200993B5E /* sendoUITestsLaunchTests.swift */; };
		20B96EB8272472FB000B9C1D /* Measurement.swift in Sources */ = {isa = PBXBuildFile; fileRef = 20B96EB7272472FB000B9C1D /* Measurement.swift */; };
		20B96EBA272473D0000B9C1D /* MeasureViewModel.swift in Sources */ = {isa = PBXBuildFile; fileRef = 20B96EB9272473D0000B9C1D /* MeasureViewModel.swift */; };
		20B96EBC272474B6000B9C1D /* ProgressViewController.swift in Sources */ = {isa = PBXBuildFile; fileRef = 20B96EBB272474B6000B9C1D /* ProgressViewController.swift */; };
		20B96EC027247526000B9C1D /* HomeTabBarViewController.swift in Sources */ = {isa = PBXBuildFile; fileRef = 20B96EBF27247526000B9C1D /* HomeTabBarViewController.swift */; };
		20B96EC2272475BC000B9C1D /* WorkoutViewController.swift in Sources */ = {isa = PBXBuildFile; fileRef = 20B96EC1272475BC000B9C1D /* WorkoutViewController.swift */; };
		20B96EC4272484D6000B9C1D /* SendoViewController.swift in Sources */ = {isa = PBXBuildFile; fileRef = 20B96EC3272484D6000B9C1D /* SendoViewController.swift */; };
		20C524692724D43A00741057 /* Utils.swift in Sources */ = {isa = PBXBuildFile; fileRef = 20C524682724D43A00741057 /* Utils.swift */; };
		20C5247D2724EB2900741057 /* GoogleService-Info.plist in Resources */ = {isa = PBXBuildFile; fileRef = 20C5246E2724E58E00741057 /* GoogleService-Info.plist */; };
		20C5247F2724EBF600741057 /* FirebaseDatabaseManager.swift in Sources */ = {isa = PBXBuildFile; fileRef = 20C5247E2724EBF600741057 /* FirebaseDatabaseManager.swift */; };
		20C524812724EF1C00741057 /* Exercise.swift in Sources */ = {isa = PBXBuildFile; fileRef = 20C524802724EF1C00741057 /* Exercise.swift */; };
		20C524832724F00600741057 /* ExerciseViewModel.swift in Sources */ = {isa = PBXBuildFile; fileRef = 20C524822724F00600741057 /* ExerciseViewModel.swift */; };
		20DDAC61273F2EDD0072BB76 /* ProfileViewController.swift in Sources */ = {isa = PBXBuildFile; fileRef = 20DDAC60273F2EDD0072BB76 /* ProfileViewController.swift */; };
		20DDAC63273F2EEF0072BB76 /* ExerciseListViewController.swift in Sources */ = {isa = PBXBuildFile; fileRef = 20DDAC62273F2EEF0072BB76 /* ExerciseListViewController.swift */; };
		20DDAC6B27412A690072BB76 /* ExerciseTableViewCell.swift in Sources */ = {isa = PBXBuildFile; fileRef = 20DDAC6927412A690072BB76 /* ExerciseTableViewCell.swift */; };
		20F2D426275CECF200A56B83 /* SDWebImage in Frameworks */ = {isa = PBXBuildFile; productRef = 20F2D425275CECF200A56B83 /* SDWebImage */; };
		EA07CE1D2845495F0053B768 /* SettingsViewController.swift in Sources */ = {isa = PBXBuildFile; fileRef = EA07CE1C2845495F0053B768 /* SettingsViewController.swift */; };
		EA0C1A1D28496B32009223D8 /* ProgressTableCell.swift in Sources */ = {isa = PBXBuildFile; fileRef = EA0C1A1C28496B32009223D8 /* ProgressTableCell.swift */; };
		EA0C1A2328496E68009223D8 /* NewEntryDialog.swift in Sources */ = {isa = PBXBuildFile; fileRef = EA0C1A2228496E68009223D8 /* NewEntryDialog.swift */; };
		EA0FF045284BF0A50047B447 /* AuthViewModel.swift in Sources */ = {isa = PBXBuildFile; fileRef = EA0FF044284BF0A50047B447 /* AuthViewModel.swift */; };
		EA0FF047284BF0EE0047B447 /* AuthUser.swift in Sources */ = {isa = PBXBuildFile; fileRef = EA0FF046284BF0EE0047B447 /* AuthUser.swift */; };
		EA1412CD2844281E00E2B3E6 /* BaseTabViewController.swift in Sources */ = {isa = PBXBuildFile; fileRef = EA1412CC2844281E00E2B3E6 /* BaseTabViewController.swift */; };
		EA208E4128FA287600D8DFD1 /* SlidingBanner in Frameworks */ = {isa = PBXBuildFile; productRef = EA208E4028FA287600D8DFD1 /* SlidingBanner */; };
		EA3D14192826E61E00387419 /* Extensions.swift in Sources */ = {isa = PBXBuildFile; fileRef = EA3D14182826E61E00387419 /* Extensions.swift */; };
		EA3D141B2826E62600387419 /* AppConfiguration.swift in Sources */ = {isa = PBXBuildFile; fileRef = EA3D141A2826E62600387419 /* AppConfiguration.swift */; };
		EA3D14202826E67800387419 /* Endpoint.swift in Sources */ = {isa = PBXBuildFile; fileRef = EA3D141F2826E67800387419 /* Endpoint.swift */; };
		EA3D14222826E68000387419 /* NetworkServiceManager.swift in Sources */ = {isa = PBXBuildFile; fileRef = EA3D14212826E68000387419 /* NetworkServiceManager.swift */; };
		EA3D14252826E6B500387419 /* FirebaseDatabaseServices.swift in Sources */ = {isa = PBXBuildFile; fileRef = EA3D14242826E6B500387419 /* FirebaseDatabaseServices.swift */; };
		EA3D14272826E6C700387419 /* NetworkServicesEndpoints.swift in Sources */ = {isa = PBXBuildFile; fileRef = EA3D14262826E6C700387419 /* NetworkServicesEndpoints.swift */; };
		EA3D142A2826E7D200387419 /* Alamofire in Frameworks */ = {isa = PBXBuildFile; productRef = EA3D14292826E7D200387419 /* Alamofire */; };
		EA3D142D2826E81500387419 /* AlamofireImage in Frameworks */ = {isa = PBXBuildFile; productRef = EA3D142C2826E81500387419 /* AlamofireImage */; };
		EA3D143528270B1300387419 /* NetworkServices.swift in Sources */ = {isa = PBXBuildFile; fileRef = EA3D143428270B1300387419 /* NetworkServices.swift */; };
		EA3D14442827F01D00387419 /* ExerciseDetailViewController.swift in Sources */ = {isa = PBXBuildFile; fileRef = EA3D14432827F01D00387419 /* ExerciseDetailViewController.swift */; };
		EA3D144E2828224E00387419 /* FirebaseFirestoreServices.swift in Sources */ = {isa = PBXBuildFile; fileRef = EA3D144D2828224E00387419 /* FirebaseFirestoreServices.swift */; };
		EA3D14502828227C00387419 /* FirebaseFirestoreManager.swift in Sources */ = {isa = PBXBuildFile; fileRef = EA3D144F2828227C00387419 /* FirebaseFirestoreManager.swift */; };
		EA3D145A282826DA00387419 /* FirebaseCrashlytics in Frameworks */ = {isa = PBXBuildFile; productRef = EA3D1459282826DA00387419 /* FirebaseCrashlytics */; };
		EA3D145C282826DA00387419 /* FirebaseDatabase in Frameworks */ = {isa = PBXBuildFile; productRef = EA3D145B282826DA00387419 /* FirebaseDatabase */; };
		EA3D1460282826DA00387419 /* FirebaseFirestore in Frameworks */ = {isa = PBXBuildFile; productRef = EA3D145F282826DA00387419 /* FirebaseFirestore */; };
		EA3D14672828367500387419 /* FirebaseAuth in Frameworks */ = {isa = PBXBuildFile; productRef = EA3D14662828367500387419 /* FirebaseAuth */; };
		EA3FFAEE28E9B928007681C9 /* ProfileLoginView.swift in Sources */ = {isa = PBXBuildFile; fileRef = EA3FFAED28E9B928007681C9 /* ProfileLoginView.swift */; };
		EA3FFAF028E9BA90007681C9 /* Constants.swift in Sources */ = {isa = PBXBuildFile; fileRef = EA3FFAEF28E9BA90007681C9 /* Constants.swift */; };
		EAB1088528F2EC2900774763 /* SimpleLineChart in Frameworks */ = {isa = PBXBuildFile; productRef = EAB1088428F2EC2900774763 /* SimpleLineChart */; };
		EAC9AECE2841608A00608A32 /* GoogleSignIn in Frameworks */ = {isa = PBXBuildFile; productRef = EAC9AECD2841608A00608A32 /* GoogleSignIn */; };
		EAC9AED02841608A00608A32 /* GoogleSignInSwift in Frameworks */ = {isa = PBXBuildFile; productRef = EAC9AECF2841608A00608A32 /* GoogleSignInSwift */; };
		EAC9AED328423D7F00608A32 /* AppleAuthorizationButton.swift in Sources */ = {isa = PBXBuildFile; fileRef = EAC9AED228423D7F00608A32 /* AppleAuthorizationButton.swift */; };
		EAD2E8FF2915B02D00CA9BE2 /* NewEntryLine.swift in Sources */ = {isa = PBXBuildFile; fileRef = EAD2E8FE2915B02D00CA9BE2 /* NewEntryLine.swift */; };
/* End PBXBuildFile section */

/* Begin PBXContainerItemProxy section */
		20858D6E272448D200993B5E /* PBXContainerItemProxy */ = {
			isa = PBXContainerItemProxy;
			containerPortal = 20858D4C272448B200993B5E /* Project object */;
			proxyType = 1;
			remoteGlobalIDString = 20858D53272448B200993B5E;
			remoteInfo = sendo;
		};
		20858D78272448D200993B5E /* PBXContainerItemProxy */ = {
			isa = PBXContainerItemProxy;
			containerPortal = 20858D4C272448B200993B5E /* Project object */;
			proxyType = 1;
			remoteGlobalIDString = 20858D53272448B200993B5E;
			remoteInfo = sendo;
		};
/* End PBXContainerItemProxy section */

/* Begin PBXFileReference section */
		20858D54272448B200993B5E /* Sendo Dev.app */ = {isa = PBXFileReference; explicitFileType = wrapper.application; includeInIndex = 0; path = "Sendo Dev.app"; sourceTree = BUILT_PRODUCTS_DIR; };
		20858D57272448B200993B5E /* AppDelegate.swift */ = {isa = PBXFileReference; lastKnownFileType = sourcecode.swift; path = AppDelegate.swift; sourceTree = "<group>"; };
		20858D59272448B200993B5E /* SceneDelegate.swift */ = {isa = PBXFileReference; lastKnownFileType = sourcecode.swift; path = SceneDelegate.swift; sourceTree = "<group>"; };
		20858D5E272448B200993B5E /* Base */ = {isa = PBXFileReference; lastKnownFileType = file.storyboard; name = Base; path = Base.lproj/HomeTabBarViewController.storyboard; sourceTree = "<group>"; };
		20858D61272448B200993B5E /* sendo.xcdatamodel */ = {isa = PBXFileReference; lastKnownFileType = wrapper.xcdatamodel; path = sendo.xcdatamodel; sourceTree = "<group>"; };
		20858D63272448D000993B5E /* Assets.xcassets */ = {isa = PBXFileReference; lastKnownFileType = folder.assetcatalog; name = Assets.xcassets; path = Sendo/Resources/Assets.xcassets; sourceTree = SOURCE_ROOT; };
		20858D66272448D000993B5E /* Base */ = {isa = PBXFileReference; lastKnownFileType = file.storyboard; name = Base; path = Base.lproj/LaunchScreen.storyboard; sourceTree = "<group>"; };
		20858D68272448D000993B5E /* Info.plist */ = {isa = PBXFileReference; lastKnownFileType = text.plist.xml; path = Info.plist; sourceTree = "<group>"; };
		20858D6D272448D200993B5E /* SendoTests.xctest */ = {isa = PBXFileReference; explicitFileType = wrapper.cfbundle; includeInIndex = 0; path = SendoTests.xctest; sourceTree = BUILT_PRODUCTS_DIR; };
		20858D71272448D200993B5E /* sendoTests.swift */ = {isa = PBXFileReference; lastKnownFileType = sourcecode.swift; path = sendoTests.swift; sourceTree = "<group>"; };
		20858D77272448D200993B5E /* SendoUITests.xctest */ = {isa = PBXFileReference; explicitFileType = wrapper.cfbundle; includeInIndex = 0; path = SendoUITests.xctest; sourceTree = BUILT_PRODUCTS_DIR; };
		20858D7B272448D200993B5E /* sendoUITests.swift */ = {isa = PBXFileReference; lastKnownFileType = sourcecode.swift; path = sendoUITests.swift; sourceTree = "<group>"; };
		20858D7D272448D200993B5E /* sendoUITestsLaunchTests.swift */ = {isa = PBXFileReference; lastKnownFileType = sourcecode.swift; path = sendoUITestsLaunchTests.swift; sourceTree = "<group>"; };
		20B96EB7272472FB000B9C1D /* Measurement.swift */ = {isa = PBXFileReference; lastKnownFileType = sourcecode.swift; path = Measurement.swift; sourceTree = "<group>"; };
		20B96EB9272473D0000B9C1D /* MeasureViewModel.swift */ = {isa = PBXFileReference; lastKnownFileType = sourcecode.swift; path = MeasureViewModel.swift; sourceTree = "<group>"; };
		20B96EBB272474B6000B9C1D /* ProgressViewController.swift */ = {isa = PBXFileReference; lastKnownFileType = sourcecode.swift; path = ProgressViewController.swift; sourceTree = "<group>"; };
		20B96EBF27247526000B9C1D /* HomeTabBarViewController.swift */ = {isa = PBXFileReference; lastKnownFileType = sourcecode.swift; path = HomeTabBarViewController.swift; sourceTree = "<group>"; };
		20B96EC1272475BC000B9C1D /* WorkoutViewController.swift */ = {isa = PBXFileReference; fileEncoding = 4; lastKnownFileType = sourcecode.swift; path = WorkoutViewController.swift; sourceTree = "<group>"; };
		20B96EC3272484D6000B9C1D /* SendoViewController.swift */ = {isa = PBXFileReference; lastKnownFileType = sourcecode.swift; path = SendoViewController.swift; sourceTree = "<group>"; };
		20C524682724D43A00741057 /* Utils.swift */ = {isa = PBXFileReference; lastKnownFileType = sourcecode.swift; path = Utils.swift; sourceTree = "<group>"; };
		20C5246E2724E58E00741057 /* GoogleService-Info.plist */ = {isa = PBXFileReference; lastKnownFileType = text.plist.xml; path = "GoogleService-Info.plist"; sourceTree = "<group>"; };
		20C5247E2724EBF600741057 /* FirebaseDatabaseManager.swift */ = {isa = PBXFileReference; lastKnownFileType = sourcecode.swift; path = FirebaseDatabaseManager.swift; sourceTree = "<group>"; };
		20C524802724EF1C00741057 /* Exercise.swift */ = {isa = PBXFileReference; lastKnownFileType = sourcecode.swift; path = Exercise.swift; sourceTree = "<group>"; };
		20C524822724F00600741057 /* ExerciseViewModel.swift */ = {isa = PBXFileReference; lastKnownFileType = sourcecode.swift; path = ExerciseViewModel.swift; sourceTree = "<group>"; };
		20DDAC60273F2EDD0072BB76 /* ProfileViewController.swift */ = {isa = PBXFileReference; lastKnownFileType = sourcecode.swift; path = ProfileViewController.swift; sourceTree = "<group>"; };
		20DDAC62273F2EEF0072BB76 /* ExerciseListViewController.swift */ = {isa = PBXFileReference; lastKnownFileType = sourcecode.swift; path = ExerciseListViewController.swift; sourceTree = "<group>"; };
		20DDAC6927412A690072BB76 /* ExerciseTableViewCell.swift */ = {isa = PBXFileReference; lastKnownFileType = sourcecode.swift; path = ExerciseTableViewCell.swift; sourceTree = "<group>"; };
		EA07CE1C2845495F0053B768 /* SettingsViewController.swift */ = {isa = PBXFileReference; lastKnownFileType = sourcecode.swift; path = SettingsViewController.swift; sourceTree = "<group>"; };
		EA0C1A1C28496B32009223D8 /* ProgressTableCell.swift */ = {isa = PBXFileReference; lastKnownFileType = sourcecode.swift; path = ProgressTableCell.swift; sourceTree = "<group>"; };
		EA0C1A2228496E68009223D8 /* NewEntryDialog.swift */ = {isa = PBXFileReference; lastKnownFileType = sourcecode.swift; path = NewEntryDialog.swift; sourceTree = "<group>"; };
		EA0FF044284BF0A50047B447 /* AuthViewModel.swift */ = {isa = PBXFileReference; lastKnownFileType = sourcecode.swift; path = AuthViewModel.swift; sourceTree = "<group>"; };
		EA0FF046284BF0EE0047B447 /* AuthUser.swift */ = {isa = PBXFileReference; lastKnownFileType = sourcecode.swift; path = AuthUser.swift; sourceTree = "<group>"; };
		EA1412CC2844281E00E2B3E6 /* BaseTabViewController.swift */ = {isa = PBXFileReference; lastKnownFileType = sourcecode.swift; path = BaseTabViewController.swift; sourceTree = "<group>"; };
		EA208E3F28FA285400D8DFD1 /* SlidingBanner */ = {isa = PBXFileReference; lastKnownFileType = wrapper; path = SlidingBanner; sourceTree = "<group>"; };
		EA3D14182826E61E00387419 /* Extensions.swift */ = {isa = PBXFileReference; lastKnownFileType = sourcecode.swift; path = Extensions.swift; sourceTree = "<group>"; };
		EA3D141A2826E62600387419 /* AppConfiguration.swift */ = {isa = PBXFileReference; lastKnownFileType = sourcecode.swift; path = AppConfiguration.swift; sourceTree = "<group>"; };
		EA3D141F2826E67800387419 /* Endpoint.swift */ = {isa = PBXFileReference; lastKnownFileType = sourcecode.swift; path = Endpoint.swift; sourceTree = "<group>"; };
		EA3D14212826E68000387419 /* NetworkServiceManager.swift */ = {isa = PBXFileReference; lastKnownFileType = sourcecode.swift; path = NetworkServiceManager.swift; sourceTree = "<group>"; };
		EA3D14242826E6B500387419 /* FirebaseDatabaseServices.swift */ = {isa = PBXFileReference; lastKnownFileType = sourcecode.swift; path = FirebaseDatabaseServices.swift; sourceTree = "<group>"; };
		EA3D14262826E6C700387419 /* NetworkServicesEndpoints.swift */ = {isa = PBXFileReference; lastKnownFileType = sourcecode.swift; path = NetworkServicesEndpoints.swift; sourceTree = "<group>"; };
		EA3D143428270B1300387419 /* NetworkServices.swift */ = {isa = PBXFileReference; lastKnownFileType = sourcecode.swift; path = NetworkServices.swift; sourceTree = "<group>"; };
		EA3D14432827F01D00387419 /* ExerciseDetailViewController.swift */ = {isa = PBXFileReference; lastKnownFileType = sourcecode.swift; path = ExerciseDetailViewController.swift; sourceTree = "<group>"; };
		EA3D144D2828224E00387419 /* FirebaseFirestoreServices.swift */ = {isa = PBXFileReference; lastKnownFileType = sourcecode.swift; path = FirebaseFirestoreServices.swift; sourceTree = "<group>"; };
		EA3D144F2828227C00387419 /* FirebaseFirestoreManager.swift */ = {isa = PBXFileReference; lastKnownFileType = sourcecode.swift; path = FirebaseFirestoreManager.swift; sourceTree = "<group>"; };
		EA3FFAED28E9B928007681C9 /* ProfileLoginView.swift */ = {isa = PBXFileReference; lastKnownFileType = sourcecode.swift; path = ProfileLoginView.swift; sourceTree = "<group>"; };
		EA3FFAEF28E9BA90007681C9 /* Constants.swift */ = {isa = PBXFileReference; lastKnownFileType = sourcecode.swift; path = Constants.swift; sourceTree = "<group>"; };
		EAB1088328F2EB8700774763 /* SimpleLineChart */ = {isa = PBXFileReference; lastKnownFileType = wrapper; path = SimpleLineChart; sourceTree = "<group>"; };
		EAC9AED228423D7F00608A32 /* AppleAuthorizationButton.swift */ = {isa = PBXFileReference; lastKnownFileType = sourcecode.swift; path = AppleAuthorizationButton.swift; sourceTree = "<group>"; };
		EAD2E8FE2915B02D00CA9BE2 /* NewEntryLine.swift */ = {isa = PBXFileReference; lastKnownFileType = sourcecode.swift; path = NewEntryLine.swift; sourceTree = "<group>"; };
/* End PBXFileReference section */

/* Begin PBXFrameworksBuildPhase section */
		20858D51272448B200993B5E /* Frameworks */ = {
			isa = PBXFrameworksBuildPhase;
			buildActionMask = 2147483647;
			files = (
				EA3D145C282826DA00387419 /* FirebaseDatabase in Frameworks */,
				EAB1088528F2EC2900774763 /* SimpleLineChart in Frameworks */,
				EA3D142A2826E7D200387419 /* Alamofire in Frameworks */,
				EA3D142D2826E81500387419 /* AlamofireImage in Frameworks */,
				EA208E4128FA287600D8DFD1 /* SlidingBanner in Frameworks */,
				EA3D145A282826DA00387419 /* FirebaseCrashlytics in Frameworks */,
				EA3D1460282826DA00387419 /* FirebaseFirestore in Frameworks */,
				EAC9AED02841608A00608A32 /* GoogleSignInSwift in Frameworks */,
				20F2D426275CECF200A56B83 /* SDWebImage in Frameworks */,
				EA3D14672828367500387419 /* FirebaseAuth in Frameworks */,
				EAC9AECE2841608A00608A32 /* GoogleSignIn in Frameworks */,
			);
			runOnlyForDeploymentPostprocessing = 0;
		};
		20858D6A272448D200993B5E /* Frameworks */ = {
			isa = PBXFrameworksBuildPhase;
			buildActionMask = 2147483647;
			files = (
			);
			runOnlyForDeploymentPostprocessing = 0;
		};
		20858D74272448D200993B5E /* Frameworks */ = {
			isa = PBXFrameworksBuildPhase;
			buildActionMask = 2147483647;
			files = (
			);
			runOnlyForDeploymentPostprocessing = 0;
		};
/* End PBXFrameworksBuildPhase section */

/* Begin PBXGroup section */
		20858D4B272448B200993B5E = {
			isa = PBXGroup;
			children = (
				20858D56272448B200993B5E /* Sendo */,
				20858D70272448D200993B5E /* SendoTests */,
				20858D7A272448D200993B5E /* SendoUITests */,
				20858D55272448B200993B5E /* Products */,
				EAA81F1D28F2E47700EAB259 /* Frameworks */,
			);
			sourceTree = "<group>";
		};
		20858D55272448B200993B5E /* Products */ = {
			isa = PBXGroup;
			children = (
				20858D54272448B200993B5E /* Sendo Dev.app */,
				20858D6D272448D200993B5E /* SendoTests.xctest */,
				20858D77272448D200993B5E /* SendoUITests.xctest */,
			);
			name = Products;
			sourceTree = "<group>";
		};
		20858D56272448B200993B5E /* Sendo */ = {
			isa = PBXGroup;
			children = (
				EA3D14132826DC8700387419 /* App */,
				EA3D14142826DC9800387419 /* Common */,
				EA3D141E2826E66900387419 /* Network */,
				20B96EBE272474D2000B9C1D /* View */,
				20B96EB5272472CA000B9C1D /* Model */,
				EA3D14122826DC4B00387419 /* Resources */,
			);
			path = Sendo;
			sourceTree = "<group>";
		};
		20858D70272448D200993B5E /* SendoTests */ = {
			isa = PBXGroup;
			children = (
				20858D71272448D200993B5E /* sendoTests.swift */,
			);
			path = SendoTests;
			sourceTree = "<group>";
		};
		20858D7A272448D200993B5E /* SendoUITests */ = {
			isa = PBXGroup;
			children = (
				20858D7B272448D200993B5E /* sendoUITests.swift */,
				20858D7D272448D200993B5E /* sendoUITestsLaunchTests.swift */,
			);
			path = SendoUITests;
			sourceTree = "<group>";
		};
		20B96EB5272472CA000B9C1D /* Model */ = {
			isa = PBXGroup;
			children = (
				EA0FF046284BF0EE0047B447 /* AuthUser.swift */,
				20B96EB7272472FB000B9C1D /* Measurement.swift */,
				20C524802724EF1C00741057 /* Exercise.swift */,
			);
			path = Model;
			sourceTree = "<group>";
		};
		20B96EBE272474D2000B9C1D /* View */ = {
			isa = PBXGroup;
			children = (
				EA3D14422827F00400387419 /* ExerciseDetailView */,
				EA3D143728270C9800387419 /* ExerciseListView */,
				20DDAC64273F2F2D0072BB76 /* HomeTabBar */,
				EA3D143928270CB300387419 /* ProfileView */,
				EA3D143828270CA900387419 /* ProgressView */,
				EA07CE1B2845494B0053B768 /* SettingsView */,
				EA3D143628270C8E00387419 /* WorkoutView */,
			);
			path = View;
			sourceTree = "<group>";
		};
		20DDAC64273F2F2D0072BB76 /* HomeTabBar */ = {
			isa = PBXGroup;
			children = (
				EA1412CC2844281E00E2B3E6 /* BaseTabViewController.swift */,
				20B96EBF27247526000B9C1D /* HomeTabBarViewController.swift */,
				20858D5D272448B200993B5E /* HomeTabBarViewController.storyboard */,
			);
			path = HomeTabBar;
			sourceTree = "<group>";
		};
		EA07CE1B2845494B0053B768 /* SettingsView */ = {
			isa = PBXGroup;
			children = (
				EA07CE1C2845495F0053B768 /* SettingsViewController.swift */,
			);
			path = SettingsView;
			sourceTree = "<group>";
		};
		EA0C1A1E28496B37009223D8 /* ProgressTableCell */ = {
			isa = PBXGroup;
			children = (
				EA0C1A1C28496B32009223D8 /* ProgressTableCell.swift */,
			);
			path = ProgressTableCell;
			sourceTree = "<group>";
		};
		EA0C1A2128496E53009223D8 /* NewEntryDialog */ = {
			isa = PBXGroup;
			children = (
				EA0C1A2228496E68009223D8 /* NewEntryDialog.swift */,
				EAD2E8FE2915B02D00CA9BE2 /* NewEntryLine.swift */,
			);
			path = NewEntryDialog;
			sourceTree = "<group>";
		};
		EA3D14122826DC4B00387419 /* Resources */ = {
			isa = PBXGroup;
			children = (
				20858D65272448D000993B5E /* LaunchScreen.storyboard */,
				20858D63272448D000993B5E /* Assets.xcassets */,
				20858D68272448D000993B5E /* Info.plist */,
				20C5246E2724E58E00741057 /* GoogleService-Info.plist */,
				20858D60272448B200993B5E /* sendo.xcdatamodeld */,
			);
			path = Resources;
			sourceTree = "<group>";
		};
		EA3D14132826DC8700387419 /* App */ = {
			isa = PBXGroup;
			children = (
				20858D57272448B200993B5E /* AppDelegate.swift */,
				20858D59272448B200993B5E /* SceneDelegate.swift */,
			);
			path = App;
			sourceTree = "<group>";
		};
		EA3D14142826DC9800387419 /* Common */ = {
			isa = PBXGroup;
			children = (
				EAD2E90029181D9B00CA9BE2 /* View */,
				EA3D141A2826E62600387419 /* AppConfiguration.swift */,
				EA3D14182826E61E00387419 /* Extensions.swift */,
				20C524682724D43A00741057 /* Utils.swift */,
				EA3FFAEC28E9B16B007681C9 /* DesignSystem */,
			);
			path = Common;
			sourceTree = "<group>";
		};
		EA3D14152826E29C00387419 /* ExerciseTableCell */ = {
			isa = PBXGroup;
			children = (
				20DDAC6927412A690072BB76 /* ExerciseTableViewCell.swift */,
			);
			path = ExerciseTableCell;
			sourceTree = "<group>";
		};
		EA3D141E2826E66900387419 /* Network */ = {
			isa = PBXGroup;
			children = (
				EA3D144C282821EC00387419 /* FirebaseFirestore */,
				EA3D143328270AD600387419 /* FirebaseDatabase */,
				EA3D14232826E68400387419 /* NetworkApi */,
			);
			path = Network;
			sourceTree = "<group>";
		};
		EA3D14232826E68400387419 /* NetworkApi */ = {
			isa = PBXGroup;
			children = (
				EA3D14212826E68000387419 /* NetworkServiceManager.swift */,
				EA3D143428270B1300387419 /* NetworkServices.swift */,
				EA3D14262826E6C700387419 /* NetworkServicesEndpoints.swift */,
				EA3D141F2826E67800387419 /* Endpoint.swift */,
			);
			path = NetworkApi;
			sourceTree = "<group>";
		};
		EA3D143328270AD600387419 /* FirebaseDatabase */ = {
			isa = PBXGroup;
			children = (
				EA3D14242826E6B500387419 /* FirebaseDatabaseServices.swift */,
				20C5247E2724EBF600741057 /* FirebaseDatabaseManager.swift */,
			);
			path = FirebaseDatabase;
			sourceTree = "<group>";
		};
		EA3D143628270C8E00387419 /* WorkoutView */ = {
			isa = PBXGroup;
			children = (
				20B96EC1272475BC000B9C1D /* WorkoutViewController.swift */,
			);
			path = WorkoutView;
			sourceTree = "<group>";
		};
		EA3D143728270C9800387419 /* ExerciseListView */ = {
			isa = PBXGroup;
			children = (
				20C524822724F00600741057 /* ExerciseViewModel.swift */,
				20DDAC62273F2EEF0072BB76 /* ExerciseListViewController.swift */,
				EA3D14152826E29C00387419 /* ExerciseTableCell */,
			);
			path = ExerciseListView;
			sourceTree = "<group>";
		};
		EA3D143828270CA900387419 /* ProgressView */ = {
			isa = PBXGroup;
			children = (
				20B96EB9272473D0000B9C1D /* MeasureViewModel.swift */,
				20B96EBB272474B6000B9C1D /* ProgressViewController.swift */,
				EA0C1A1E28496B37009223D8 /* ProgressTableCell */,
				EA0C1A2128496E53009223D8 /* NewEntryDialog */,
			);
			path = ProgressView;
			sourceTree = "<group>";
		};
		EA3D143928270CB300387419 /* ProfileView */ = {
			isa = PBXGroup;
			children = (
				20DDAC60273F2EDD0072BB76 /* ProfileViewController.swift */,
				EAA81F1528F24B2900EAB259 /* Login */,
			);
			path = ProfileView;
			sourceTree = "<group>";
		};
		EA3D14422827F00400387419 /* ExerciseDetailView */ = {
			isa = PBXGroup;
			children = (
				EA3D14432827F01D00387419 /* ExerciseDetailViewController.swift */,
			);
			path = ExerciseDetailView;
			sourceTree = "<group>";
		};
		EA3D144C282821EC00387419 /* FirebaseFirestore */ = {
			isa = PBXGroup;
			children = (
				EA3D144D2828224E00387419 /* FirebaseFirestoreServices.swift */,
				EA3D144F2828227C00387419 /* FirebaseFirestoreManager.swift */,
			);
			path = FirebaseFirestore;
			sourceTree = "<group>";
		};
		EA3FFAEC28E9B16B007681C9 /* DesignSystem */ = {
			isa = PBXGroup;
			children = (
				EA3FFAEF28E9BA90007681C9 /* Constants.swift */,
			);
			path = DesignSystem;
			sourceTree = "<group>";
		};
		EAA81F1528F24B2900EAB259 /* Login */ = {
			isa = PBXGroup;
			children = (
				EA0FF044284BF0A50047B447 /* AuthViewModel.swift */,
				EA3FFAED28E9B928007681C9 /* ProfileLoginView.swift */,
				EAC9AED128423D6600608A32 /* AppleAuthorizationButton */,
			);
			path = Login;
			sourceTree = "<group>";
		};
		EAA81F1D28F2E47700EAB259 /* Frameworks */ = {
			isa = PBXGroup;
			children = (
				EA208E3F28FA285400D8DFD1 /* SlidingBanner */,
				EAB1088328F2EB8700774763 /* SimpleLineChart */,
			);
			name = Frameworks;
			sourceTree = "<group>";
		};
		EAC9AED128423D6600608A32 /* AppleAuthorizationButton */ = {
			isa = PBXGroup;
			children = (
				EAC9AED228423D7F00608A32 /* AppleAuthorizationButton.swift */,
			);
			path = AppleAuthorizationButton;
			sourceTree = "<group>";
		};
		EAD2E90029181D9B00CA9BE2 /* View */ = {
			isa = PBXGroup;
			children = (
				20B96EC3272484D6000B9C1D /* SendoViewController.swift */,
			);
			path = View;
			sourceTree = "<group>";
		};
/* End PBXGroup section */

/* Begin PBXNativeTarget section */
		20858D53272448B200993B5E /* Sendo */ = {
			isa = PBXNativeTarget;
			buildConfigurationList = 20858D81272448D300993B5E /* Build configuration list for PBXNativeTarget "Sendo" */;
			buildPhases = (
				20858D50272448B200993B5E /* Sources */,
				20858D51272448B200993B5E /* Frameworks */,
				20858D52272448B200993B5E /* Resources */,
				20C5247C2724E92D00741057 /* ShellScript */,
			);
			buildRules = (
			);
			dependencies = (
			);
			name = Sendo;
			packageProductDependencies = (
				20F2D425275CECF200A56B83 /* SDWebImage */,
				EA3D14292826E7D200387419 /* Alamofire */,
				EA3D142C2826E81500387419 /* AlamofireImage */,
				EA3D1459282826DA00387419 /* FirebaseCrashlytics */,
				EA3D145B282826DA00387419 /* FirebaseDatabase */,
				EA3D145F282826DA00387419 /* FirebaseFirestore */,
				EA3D14662828367500387419 /* FirebaseAuth */,
				EAC9AECD2841608A00608A32 /* GoogleSignIn */,
				EAC9AECF2841608A00608A32 /* GoogleSignInSwift */,
				EAB1088428F2EC2900774763 /* SimpleLineChart */,
				EA208E4028FA287600D8DFD1 /* SlidingBanner */,
			);
			productName = sendo;
			productReference = 20858D54272448B200993B5E /* Sendo Dev.app */;
			productType = "com.apple.product-type.application";
		};
		20858D6C272448D200993B5E /* SendoTests */ = {
			isa = PBXNativeTarget;
			buildConfigurationList = 20858D84272448D300993B5E /* Build configuration list for PBXNativeTarget "SendoTests" */;
			buildPhases = (
				20858D69272448D200993B5E /* Sources */,
				20858D6A272448D200993B5E /* Frameworks */,
				20858D6B272448D200993B5E /* Resources */,
			);
			buildRules = (
			);
			dependencies = (
				20858D6F272448D200993B5E /* PBXTargetDependency */,
			);
			name = SendoTests;
			productName = sendoTests;
			productReference = 20858D6D272448D200993B5E /* SendoTests.xctest */;
			productType = "com.apple.product-type.bundle.unit-test";
		};
		20858D76272448D200993B5E /* SendoUITests */ = {
			isa = PBXNativeTarget;
			buildConfigurationList = 20858D87272448D300993B5E /* Build configuration list for PBXNativeTarget "SendoUITests" */;
			buildPhases = (
				20858D73272448D200993B5E /* Sources */,
				20858D74272448D200993B5E /* Frameworks */,
				20858D75272448D200993B5E /* Resources */,
			);
			buildRules = (
			);
			dependencies = (
				20858D79272448D200993B5E /* PBXTargetDependency */,
			);
			name = SendoUITests;
			productName = sendoUITests;
			productReference = 20858D77272448D200993B5E /* SendoUITests.xctest */;
			productType = "com.apple.product-type.bundle.ui-testing";
		};
/* End PBXNativeTarget section */

/* Begin PBXProject section */
		20858D4C272448B200993B5E /* Project object */ = {
			isa = PBXProject;
			attributes = {
				BuildIndependentTargetsInParallel = 1;
				LastSwiftUpdateCheck = 1300;
				LastUpgradeCheck = 1300;
				TargetAttributes = {
					20858D53272448B200993B5E = {
						CreatedOnToolsVersion = 13.0;
					};
					20858D6C272448D200993B5E = {
						CreatedOnToolsVersion = 13.0;
						TestTargetID = 20858D53272448B200993B5E;
					};
					20858D76272448D200993B5E = {
						CreatedOnToolsVersion = 13.0;
						TestTargetID = 20858D53272448B200993B5E;
					};
				};
			};
			buildConfigurationList = 20858D4F272448B200993B5E /* Build configuration list for PBXProject "Sendo" */;
			compatibilityVersion = "Xcode 13.0";
			developmentRegion = en;
			hasScannedForEncodings = 0;
			knownRegions = (
				en,
				Base,
			);
			mainGroup = 20858D4B272448B200993B5E;
			packageReferences = (
				20F2D424275CECF100A56B83 /* XCRemoteSwiftPackageReference "SDWebImage" */,
				EA3D14282826E7D200387419 /* XCRemoteSwiftPackageReference "Alamofire" */,
				EA3D142B2826E81500387419 /* XCRemoteSwiftPackageReference "AlamofireImage" */,
				EA3D1458282826DA00387419 /* XCRemoteSwiftPackageReference "firebase-ios-sdk" */,
				EAC9AECC2841608A00608A32 /* XCRemoteSwiftPackageReference "GoogleSignIn-iOS" */,
			);
			productRefGroup = 20858D55272448B200993B5E /* Products */;
			projectDirPath = "";
			projectRoot = "";
			targets = (
				20858D53272448B200993B5E /* Sendo */,
				20858D6C272448D200993B5E /* SendoTests */,
				20858D76272448D200993B5E /* SendoUITests */,
			);
		};
/* End PBXProject section */

/* Begin PBXResourcesBuildPhase section */
		20858D52272448B200993B5E /* Resources */ = {
			isa = PBXResourcesBuildPhase;
			buildActionMask = 2147483647;
			files = (
				20858D67272448D000993B5E /* LaunchScreen.storyboard in Resources */,
				20C5247D2724EB2900741057 /* GoogleService-Info.plist in Resources */,
				20858D64272448D000993B5E /* Assets.xcassets in Resources */,
				20858D5F272448B200993B5E /* HomeTabBarViewController.storyboard in Resources */,
			);
			runOnlyForDeploymentPostprocessing = 0;
		};
		20858D6B272448D200993B5E /* Resources */ = {
			isa = PBXResourcesBuildPhase;
			buildActionMask = 2147483647;
			files = (
			);
			runOnlyForDeploymentPostprocessing = 0;
		};
		20858D75272448D200993B5E /* Resources */ = {
			isa = PBXResourcesBuildPhase;
			buildActionMask = 2147483647;
			files = (
			);
			runOnlyForDeploymentPostprocessing = 0;
		};
/* End PBXResourcesBuildPhase section */

/* Begin PBXShellScriptBuildPhase section */
		20C5247C2724E92D00741057 /* ShellScript */ = {
			isa = PBXShellScriptBuildPhase;
			buildActionMask = 2147483647;
			files = (
			);
			inputFileListPaths = (
			);
			inputPaths = (
			);
			outputFileListPaths = (
			);
			outputPaths = (
			);
			runOnlyForDeploymentPostprocessing = 0;
			shellPath = /bin/sh;
			shellScript = "${BUILD_DIR%/Build/*}/SourcePackages/checkouts/firebase-ios-sdk/Crashlytics/run\n";
		};
/* End PBXShellScriptBuildPhase section */

/* Begin PBXSourcesBuildPhase section */
		20858D50272448B200993B5E /* Sources */ = {
			isa = PBXSourcesBuildPhase;
			buildActionMask = 2147483647;
			files = (
				20B96EC2272475BC000B9C1D /* WorkoutViewController.swift in Sources */,
				EA3D14442827F01D00387419 /* ExerciseDetailViewController.swift in Sources */,
				EA3D14222826E68000387419 /* NetworkServiceManager.swift in Sources */,
				EA3D14272826E6C700387419 /* NetworkServicesEndpoints.swift in Sources */,
				EA3D14252826E6B500387419 /* FirebaseDatabaseServices.swift in Sources */,
				20B96EBC272474B6000B9C1D /* ProgressViewController.swift in Sources */,
				EA0FF047284BF0EE0047B447 /* AuthUser.swift in Sources */,
				EA3D143528270B1300387419 /* NetworkServices.swift in Sources */,
				20858D58272448B200993B5E /* AppDelegate.swift in Sources */,
				EA3D144E2828224E00387419 /* FirebaseFirestoreServices.swift in Sources */,
				EA3FFAEE28E9B928007681C9 /* ProfileLoginView.swift in Sources */,
				20858D5A272448B200993B5E /* SceneDelegate.swift in Sources */,
				EA3D14502828227C00387419 /* FirebaseFirestoreManager.swift in Sources */,
				20B96EB8272472FB000B9C1D /* Measurement.swift in Sources */,
				20DDAC63273F2EEF0072BB76 /* ExerciseListViewController.swift in Sources */,
				20C524692724D43A00741057 /* Utils.swift in Sources */,
				EA0C1A1D28496B32009223D8 /* ProgressTableCell.swift in Sources */,
				EA1412CD2844281E00E2B3E6 /* BaseTabViewController.swift in Sources */,
				20DDAC61273F2EDD0072BB76 /* ProfileViewController.swift in Sources */,
				20B96EC4272484D6000B9C1D /* SendoViewController.swift in Sources */,
				20B96EC027247526000B9C1D /* HomeTabBarViewController.swift in Sources */,
				EA3D141B2826E62600387419 /* AppConfiguration.swift in Sources */,
				EA0C1A2328496E68009223D8 /* NewEntryDialog.swift in Sources */,
				20DDAC6B27412A690072BB76 /* ExerciseTableViewCell.swift in Sources */,
				20C524812724EF1C00741057 /* Exercise.swift in Sources */,
				EAD2E8FF2915B02D00CA9BE2 /* NewEntryLine.swift in Sources */,
				EA3D14192826E61E00387419 /* Extensions.swift in Sources */,
				20C5247F2724EBF600741057 /* FirebaseDatabaseManager.swift in Sources */,
				EAC9AED328423D7F00608A32 /* AppleAuthorizationButton.swift in Sources */,
				20858D62272448B200993B5E /* sendo.xcdatamodeld in Sources */,
				20C524832724F00600741057 /* ExerciseViewModel.swift in Sources */,
				EA3D14202826E67800387419 /* Endpoint.swift in Sources */,
				EA0FF045284BF0A50047B447 /* AuthViewModel.swift in Sources */,
				EA07CE1D2845495F0053B768 /* SettingsViewController.swift in Sources */,
				EA3FFAF028E9BA90007681C9 /* Constants.swift in Sources */,
				20B96EBA272473D0000B9C1D /* MeasureViewModel.swift in Sources */,
			);
			runOnlyForDeploymentPostprocessing = 0;
		};
		20858D69272448D200993B5E /* Sources */ = {
			isa = PBXSourcesBuildPhase;
			buildActionMask = 2147483647;
			files = (
				20858D72272448D200993B5E /* sendoTests.swift in Sources */,
			);
			runOnlyForDeploymentPostprocessing = 0;
		};
		20858D73272448D200993B5E /* Sources */ = {
			isa = PBXSourcesBuildPhase;
			buildActionMask = 2147483647;
			files = (
				20858D7E272448D200993B5E /* sendoUITestsLaunchTests.swift in Sources */,
				20858D7C272448D200993B5E /* sendoUITests.swift in Sources */,
			);
			runOnlyForDeploymentPostprocessing = 0;
		};
/* End PBXSourcesBuildPhase section */

/* Begin PBXTargetDependency section */
		20858D6F272448D200993B5E /* PBXTargetDependency */ = {
			isa = PBXTargetDependency;
			target = 20858D53272448B200993B5E /* Sendo */;
			targetProxy = 20858D6E272448D200993B5E /* PBXContainerItemProxy */;
		};
		20858D79272448D200993B5E /* PBXTargetDependency */ = {
			isa = PBXTargetDependency;
			target = 20858D53272448B200993B5E /* Sendo */;
			targetProxy = 20858D78272448D200993B5E /* PBXContainerItemProxy */;
		};
/* End PBXTargetDependency section */

/* Begin PBXVariantGroup section */
		20858D5D272448B200993B5E /* HomeTabBarViewController.storyboard */ = {
			isa = PBXVariantGroup;
			children = (
				20858D5E272448B200993B5E /* Base */,
			);
			name = HomeTabBarViewController.storyboard;
			sourceTree = "<group>";
		};
		20858D65272448D000993B5E /* LaunchScreen.storyboard */ = {
			isa = PBXVariantGroup;
			children = (
				20858D66272448D000993B5E /* Base */,
			);
			name = LaunchScreen.storyboard;
			sourceTree = "<group>";
		};
/* End PBXVariantGroup section */

/* Begin XCBuildConfiguration section */
		20858D7F272448D300993B5E /* Debug */ = {
			isa = XCBuildConfiguration;
			buildSettings = {
				ALWAYS_SEARCH_USER_PATHS = NO;
				CLANG_ANALYZER_NONNULL = YES;
				CLANG_ANALYZER_NUMBER_OBJECT_CONVERSION = YES_AGGRESSIVE;
				CLANG_CXX_LANGUAGE_STANDARD = "gnu++17";
				CLANG_CXX_LIBRARY = "libc++";
				CLANG_ENABLE_MODULES = YES;
				CLANG_ENABLE_OBJC_ARC = YES;
				CLANG_ENABLE_OBJC_WEAK = YES;
				CLANG_WARN_BLOCK_CAPTURE_AUTORELEASING = YES;
				CLANG_WARN_BOOL_CONVERSION = YES;
				CLANG_WARN_COMMA = YES;
				CLANG_WARN_CONSTANT_CONVERSION = YES;
				CLANG_WARN_DEPRECATED_OBJC_IMPLEMENTATIONS = YES;
				CLANG_WARN_DIRECT_OBJC_ISA_USAGE = YES_ERROR;
				CLANG_WARN_DOCUMENTATION_COMMENTS = YES;
				CLANG_WARN_EMPTY_BODY = YES;
				CLANG_WARN_ENUM_CONVERSION = YES;
				CLANG_WARN_INFINITE_RECURSION = YES;
				CLANG_WARN_INT_CONVERSION = YES;
				CLANG_WARN_NON_LITERAL_NULL_CONVERSION = YES;
				CLANG_WARN_OBJC_IMPLICIT_RETAIN_SELF = YES;
				CLANG_WARN_OBJC_LITERAL_CONVERSION = YES;
				CLANG_WARN_OBJC_ROOT_CLASS = YES_ERROR;
				CLANG_WARN_QUOTED_INCLUDE_IN_FRAMEWORK_HEADER = YES;
				CLANG_WARN_RANGE_LOOP_ANALYSIS = YES;
				CLANG_WARN_STRICT_PROTOTYPES = YES;
				CLANG_WARN_SUSPICIOUS_MOVE = YES;
				CLANG_WARN_UNGUARDED_AVAILABILITY = YES_AGGRESSIVE;
				CLANG_WARN_UNREACHABLE_CODE = YES;
				CLANG_WARN__DUPLICATE_METHOD_MATCH = YES;
				COPY_PHASE_STRIP = NO;
				DEBUG_INFORMATION_FORMAT = dwarf;
				ENABLE_STRICT_OBJC_MSGSEND = YES;
				ENABLE_TESTABILITY = YES;
				GCC_C_LANGUAGE_STANDARD = gnu11;
				GCC_DYNAMIC_NO_PIC = NO;
				GCC_NO_COMMON_BLOCKS = YES;
				GCC_OPTIMIZATION_LEVEL = 0;
				GCC_PREPROCESSOR_DEFINITIONS = (
					"DEBUG=1",
					"$(inherited)",
				);
				GCC_WARN_64_TO_32_BIT_CONVERSION = YES;
				GCC_WARN_ABOUT_RETURN_TYPE = YES_ERROR;
				GCC_WARN_UNDECLARED_SELECTOR = YES;
				GCC_WARN_UNINITIALIZED_AUTOS = YES_AGGRESSIVE;
				GCC_WARN_UNUSED_FUNCTION = YES;
				GCC_WARN_UNUSED_VARIABLE = YES;
				IPHONEOS_DEPLOYMENT_TARGET = 13.0;
				MTL_ENABLE_DEBUG_INFO = INCLUDE_SOURCE;
				MTL_FAST_MATH = YES;
				ONLY_ACTIVE_ARCH = YES;
				SDKROOT = iphoneos;
				SWIFT_ACTIVE_COMPILATION_CONDITIONS = DEBUG;
				SWIFT_OPTIMIZATION_LEVEL = "-Onone";
			};
			name = Debug;
		};
		20858D80272448D300993B5E /* Release */ = {
			isa = XCBuildConfiguration;
			buildSettings = {
				ALWAYS_SEARCH_USER_PATHS = NO;
				CLANG_ANALYZER_NONNULL = YES;
				CLANG_ANALYZER_NUMBER_OBJECT_CONVERSION = YES_AGGRESSIVE;
				CLANG_CXX_LANGUAGE_STANDARD = "gnu++17";
				CLANG_CXX_LIBRARY = "libc++";
				CLANG_ENABLE_MODULES = YES;
				CLANG_ENABLE_OBJC_ARC = YES;
				CLANG_ENABLE_OBJC_WEAK = YES;
				CLANG_WARN_BLOCK_CAPTURE_AUTORELEASING = YES;
				CLANG_WARN_BOOL_CONVERSION = YES;
				CLANG_WARN_COMMA = YES;
				CLANG_WARN_CONSTANT_CONVERSION = YES;
				CLANG_WARN_DEPRECATED_OBJC_IMPLEMENTATIONS = YES;
				CLANG_WARN_DIRECT_OBJC_ISA_USAGE = YES_ERROR;
				CLANG_WARN_DOCUMENTATION_COMMENTS = YES;
				CLANG_WARN_EMPTY_BODY = YES;
				CLANG_WARN_ENUM_CONVERSION = YES;
				CLANG_WARN_INFINITE_RECURSION = YES;
				CLANG_WARN_INT_CONVERSION = YES;
				CLANG_WARN_NON_LITERAL_NULL_CONVERSION = YES;
				CLANG_WARN_OBJC_IMPLICIT_RETAIN_SELF = YES;
				CLANG_WARN_OBJC_LITERAL_CONVERSION = YES;
				CLANG_WARN_OBJC_ROOT_CLASS = YES_ERROR;
				CLANG_WARN_QUOTED_INCLUDE_IN_FRAMEWORK_HEADER = YES;
				CLANG_WARN_RANGE_LOOP_ANALYSIS = YES;
				CLANG_WARN_STRICT_PROTOTYPES = YES;
				CLANG_WARN_SUSPICIOUS_MOVE = YES;
				CLANG_WARN_UNGUARDED_AVAILABILITY = YES_AGGRESSIVE;
				CLANG_WARN_UNREACHABLE_CODE = YES;
				CLANG_WARN__DUPLICATE_METHOD_MATCH = YES;
				COPY_PHASE_STRIP = NO;
				DEBUG_INFORMATION_FORMAT = "dwarf-with-dsym";
				ENABLE_NS_ASSERTIONS = NO;
				ENABLE_STRICT_OBJC_MSGSEND = YES;
				GCC_C_LANGUAGE_STANDARD = gnu11;
				GCC_NO_COMMON_BLOCKS = YES;
				GCC_WARN_64_TO_32_BIT_CONVERSION = YES;
				GCC_WARN_ABOUT_RETURN_TYPE = YES_ERROR;
				GCC_WARN_UNDECLARED_SELECTOR = YES;
				GCC_WARN_UNINITIALIZED_AUTOS = YES_AGGRESSIVE;
				GCC_WARN_UNUSED_FUNCTION = YES;
				GCC_WARN_UNUSED_VARIABLE = YES;
				IPHONEOS_DEPLOYMENT_TARGET = 13.0;
				MTL_ENABLE_DEBUG_INFO = NO;
				MTL_FAST_MATH = YES;
				SDKROOT = iphoneos;
				SWIFT_COMPILATION_MODE = wholemodule;
				SWIFT_OPTIMIZATION_LEVEL = "-O";
				VALIDATE_PRODUCT = YES;
			};
			name = Release;
		};
		20858D82272448D300993B5E /* Debug */ = {
			isa = XCBuildConfiguration;
			buildSettings = {
				ASSETCATALOG_COMPILER_APPICON_NAME = "AppIcon AppStore";
				ASSETCATALOG_COMPILER_GLOBAL_ACCENT_COLOR_NAME = AccentColor;
				ASSETCATALOG_COMPILER_INCLUDE_ALL_APPICON_ASSETS = NO;
				CODE_SIGN_STYLE = Automatic;
				CURRENT_PROJECT_VERSION = 1;
				DEVELOPMENT_TEAM = 384JVVGP7X;
				GENERATE_INFOPLIST_FILE = YES;
				INFOPLIST_FILE = sendo/Resources/Info.plist;
				INFOPLIST_KEY_CFBundleDisplayName = Sendo;
				INFOPLIST_KEY_UIApplicationSupportsIndirectInputEvents = YES;
				INFOPLIST_KEY_UILaunchStoryboardName = LaunchScreen;
				INFOPLIST_KEY_UIMainStoryboardFile = HomeTabBarViewController;
				INFOPLIST_KEY_UIStatusBarStyle = UIStatusBarStyleLightContent;
				INFOPLIST_KEY_UISupportedInterfaceOrientations = UIInterfaceOrientationPortrait;
				INFOPLIST_KEY_UISupportedInterfaceOrientations_iPad = "UIInterfaceOrientationPortrait UIInterfaceOrientationPortraitUpsideDown";
				IPHONEOS_DEPLOYMENT_TARGET = 13.0;
				LD_RUNPATH_SEARCH_PATHS = (
					"$(inherited)",
					"@executable_path/Frameworks",
				);
				MARKETING_VERSION = 1.0;
				OTHER_LDFLAGS = "-ObjC";
				PRODUCT_BUNDLE_IDENTIFIER = app.augarte.sendo;
				PRODUCT_NAME = "$(TARGET_NAME) Dev";
				SUPPORTED_PLATFORMS = "iphoneos iphonesimulator";
				SUPPORTS_MACCATALYST = NO;
				SUPPORTS_MAC_DESIGNED_FOR_IPHONE_IPAD = NO;
				SWIFT_EMIT_LOC_STRINGS = YES;
				SWIFT_VERSION = 5.0;
				TARGETED_DEVICE_FAMILY = "1,2";
			};
			name = Debug;
		};
		20858D83272448D300993B5E /* Release */ = {
			isa = XCBuildConfiguration;
			buildSettings = {
				ASSETCATALOG_COMPILER_APPICON_NAME = "AppIcon AppStore";
				ASSETCATALOG_COMPILER_GLOBAL_ACCENT_COLOR_NAME = AccentColor;
				ASSETCATALOG_COMPILER_INCLUDE_ALL_APPICON_ASSETS = NO;
				CODE_SIGN_STYLE = Automatic;
				CURRENT_PROJECT_VERSION = 1;
				DEVELOPMENT_TEAM = 384JVVGP7X;
				GENERATE_INFOPLIST_FILE = YES;
				INFOPLIST_FILE = sendo/Resources/Info.plist;
				INFOPLIST_KEY_CFBundleDisplayName = Sendo;
				INFOPLIST_KEY_UIApplicationSupportsIndirectInputEvents = YES;
				INFOPLIST_KEY_UILaunchStoryboardName = LaunchScreen;
				INFOPLIST_KEY_UIMainStoryboardFile = HomeTabBarViewController;
				INFOPLIST_KEY_UIStatusBarStyle = UIStatusBarStyleLightContent;
				INFOPLIST_KEY_UISupportedInterfaceOrientations = UIInterfaceOrientationPortrait;
				INFOPLIST_KEY_UISupportedInterfaceOrientations_iPad = "UIInterfaceOrientationPortrait UIInterfaceOrientationPortraitUpsideDown";
				IPHONEOS_DEPLOYMENT_TARGET = 13.0;
				LD_RUNPATH_SEARCH_PATHS = (
					"$(inherited)",
					"@executable_path/Frameworks",
				);
				MARKETING_VERSION = 1.0;
				OTHER_LDFLAGS = "-ObjC";
				PRODUCT_BUNDLE_IDENTIFIER = app.augarte.sendo;
				PRODUCT_NAME = "$(TARGET_NAME)";
				SUPPORTED_PLATFORMS = "iphoneos iphonesimulator";
				SUPPORTS_MACCATALYST = NO;
				SUPPORTS_MAC_DESIGNED_FOR_IPHONE_IPAD = NO;
				SWIFT_EMIT_LOC_STRINGS = YES;
				SWIFT_VERSION = 5.0;
				TARGETED_DEVICE_FAMILY = "1,2";
			};
			name = Release;
		};
		20858D85272448D300993B5E /* Debug */ = {
			isa = XCBuildConfiguration;
			buildSettings = {
				ALWAYS_EMBED_SWIFT_STANDARD_LIBRARIES = YES;
				BUNDLE_LOADER = "$(TEST_HOST)";
				CODE_SIGN_STYLE = Automatic;
				CURRENT_PROJECT_VERSION = 1;
				DEVELOPMENT_TEAM = 384JVVGP7X;
				GENERATE_INFOPLIST_FILE = YES;
				IPHONEOS_DEPLOYMENT_TARGET = 15.0;
				LD_RUNPATH_SEARCH_PATHS = (
					"$(inherited)",
					"@executable_path/Frameworks",
					"@loader_path/Frameworks",
				);
				MARKETING_VERSION = 1.0;
				PRODUCT_BUNDLE_IDENTIFIER = com.augarte.sendoTests;
				PRODUCT_NAME = "$(TARGET_NAME)";
				SUPPORTED_PLATFORMS = "iphoneos iphonesimulator";
				SUPPORTS_MACCATALYST = NO;
				SUPPORTS_MAC_DESIGNED_FOR_IPHONE_IPAD = NO;
				SWIFT_EMIT_LOC_STRINGS = NO;
				SWIFT_VERSION = 5.0;
				TARGETED_DEVICE_FAMILY = "1,2";
				TEST_HOST = "$(BUILT_PRODUCTS_DIR)/Sendo.app/Sendo";
			};
			name = Debug;
		};
		20858D86272448D300993B5E /* Release */ = {
			isa = XCBuildConfiguration;
			buildSettings = {
				ALWAYS_EMBED_SWIFT_STANDARD_LIBRARIES = YES;
				BUNDLE_LOADER = "$(TEST_HOST)";
				CODE_SIGN_STYLE = Automatic;
				CURRENT_PROJECT_VERSION = 1;
				DEVELOPMENT_TEAM = 384JVVGP7X;
				GENERATE_INFOPLIST_FILE = YES;
				IPHONEOS_DEPLOYMENT_TARGET = 15.0;
				LD_RUNPATH_SEARCH_PATHS = (
					"$(inherited)",
					"@executable_path/Frameworks",
					"@loader_path/Frameworks",
				);
				MARKETING_VERSION = 1.0;
				PRODUCT_BUNDLE_IDENTIFIER = com.augarte.sendoTests;
				PRODUCT_NAME = "$(TARGET_NAME)";
				SUPPORTED_PLATFORMS = "iphoneos iphonesimulator";
				SUPPORTS_MACCATALYST = NO;
				SUPPORTS_MAC_DESIGNED_FOR_IPHONE_IPAD = NO;
				SWIFT_EMIT_LOC_STRINGS = NO;
				SWIFT_VERSION = 5.0;
				TARGETED_DEVICE_FAMILY = "1,2";
				TEST_HOST = "$(BUILT_PRODUCTS_DIR)/Sendo.app/Sendo";
			};
			name = Release;
		};
		20858D88272448D300993B5E /* Debug */ = {
			isa = XCBuildConfiguration;
			buildSettings = {
				ALWAYS_EMBED_SWIFT_STANDARD_LIBRARIES = YES;
				CODE_SIGN_STYLE = Automatic;
				CURRENT_PROJECT_VERSION = 1;
				DEVELOPMENT_TEAM = 384JVVGP7X;
				GENERATE_INFOPLIST_FILE = YES;
				LD_RUNPATH_SEARCH_PATHS = (
					"$(inherited)",
					"@executable_path/Frameworks",
					"@loader_path/Frameworks",
				);
				MARKETING_VERSION = 1.0;
				PRODUCT_BUNDLE_IDENTIFIER = com.augarte.sendoUITests;
				PRODUCT_NAME = "$(TARGET_NAME)";
				SUPPORTED_PLATFORMS = "iphoneos iphonesimulator";
				SUPPORTS_MACCATALYST = NO;
				SUPPORTS_MAC_DESIGNED_FOR_IPHONE_IPAD = NO;
				SWIFT_EMIT_LOC_STRINGS = NO;
				SWIFT_VERSION = 5.0;
				TARGETED_DEVICE_FAMILY = "1,2";
				TEST_TARGET_NAME = sendo;
			};
			name = Debug;
		};
		20858D89272448D300993B5E /* Release */ = {
			isa = XCBuildConfiguration;
			buildSettings = {
				ALWAYS_EMBED_SWIFT_STANDARD_LIBRARIES = YES;
				CODE_SIGN_STYLE = Automatic;
				CURRENT_PROJECT_VERSION = 1;
				DEVELOPMENT_TEAM = 384JVVGP7X;
				GENERATE_INFOPLIST_FILE = YES;
				LD_RUNPATH_SEARCH_PATHS = (
					"$(inherited)",
					"@executable_path/Frameworks",
					"@loader_path/Frameworks",
				);
				MARKETING_VERSION = 1.0;
				PRODUCT_BUNDLE_IDENTIFIER = com.augarte.sendoUITests;
				PRODUCT_NAME = "$(TARGET_NAME)";
				SUPPORTED_PLATFORMS = "iphoneos iphonesimulator";
				SUPPORTS_MACCATALYST = NO;
				SUPPORTS_MAC_DESIGNED_FOR_IPHONE_IPAD = NO;
				SWIFT_EMIT_LOC_STRINGS = NO;
				SWIFT_VERSION = 5.0;
				TARGETED_DEVICE_FAMILY = "1,2";
				TEST_TARGET_NAME = sendo;
			};
			name = Release;
		};
/* End XCBuildConfiguration section */

/* Begin XCConfigurationList section */
		20858D4F272448B200993B5E /* Build configuration list for PBXProject "Sendo" */ = {
			isa = XCConfigurationList;
			buildConfigurations = (
				20858D7F272448D300993B5E /* Debug */,
				20858D80272448D300993B5E /* Release */,
			);
			defaultConfigurationIsVisible = 0;
			defaultConfigurationName = Release;
		};
		20858D81272448D300993B5E /* Build configuration list for PBXNativeTarget "Sendo" */ = {
			isa = XCConfigurationList;
			buildConfigurations = (
				20858D82272448D300993B5E /* Debug */,
				20858D83272448D300993B5E /* Release */,
			);
			defaultConfigurationIsVisible = 0;
			defaultConfigurationName = Release;
		};
		20858D84272448D300993B5E /* Build configuration list for PBXNativeTarget "SendoTests" */ = {
			isa = XCConfigurationList;
			buildConfigurations = (
				20858D85272448D300993B5E /* Debug */,
				20858D86272448D300993B5E /* Release */,
			);
			defaultConfigurationIsVisible = 0;
			defaultConfigurationName = Release;
		};
		20858D87272448D300993B5E /* Build configuration list for PBXNativeTarget "SendoUITests" */ = {
			isa = XCConfigurationList;
			buildConfigurations = (
				20858D88272448D300993B5E /* Debug */,
				20858D89272448D300993B5E /* Release */,
			);
			defaultConfigurationIsVisible = 0;
			defaultConfigurationName = Release;
		};
/* End XCConfigurationList section */

/* Begin XCRemoteSwiftPackageReference section */
		20F2D424275CECF100A56B83 /* XCRemoteSwiftPackageReference "SDWebImage" */ = {
			isa = XCRemoteSwiftPackageReference;
			repositoryURL = "https://github.com/SDWebImage/SDWebImage";
			requirement = {
				kind = upToNextMajorVersion;
				minimumVersion = 5.0.0;
			};
		};
		EA3D14282826E7D200387419 /* XCRemoteSwiftPackageReference "Alamofire" */ = {
			isa = XCRemoteSwiftPackageReference;
			repositoryURL = "https://github.com/Alamofire/Alamofire.git";
			requirement = {
				kind = upToNextMajorVersion;
				minimumVersion = 5.0.0;
			};
		};
		EA3D142B2826E81500387419 /* XCRemoteSwiftPackageReference "AlamofireImage" */ = {
			isa = XCRemoteSwiftPackageReference;
			repositoryURL = "https://github.com/Alamofire/AlamofireImage.git";
			requirement = {
				kind = upToNextMajorVersion;
				minimumVersion = 4.0.0;
			};
		};
		EA3D1458282826DA00387419 /* XCRemoteSwiftPackageReference "firebase-ios-sdk" */ = {
			isa = XCRemoteSwiftPackageReference;
			repositoryURL = "https://github.com/firebase/firebase-ios-sdk.git";
			requirement = {
				kind = upToNextMajorVersion;
				minimumVersion = 9.0.0;
			};
		};
		EAC9AECC2841608A00608A32 /* XCRemoteSwiftPackageReference "GoogleSignIn-iOS" */ = {
			isa = XCRemoteSwiftPackageReference;
			repositoryURL = "https://github.com/google/GoogleSignIn-iOS";
			requirement = {
				branch = main;
				kind = branch;
			};
		};
/* End XCRemoteSwiftPackageReference section */

/* Begin XCSwiftPackageProductDependency section */
		20F2D425275CECF200A56B83 /* SDWebImage */ = {
			isa = XCSwiftPackageProductDependency;
			package = 20F2D424275CECF100A56B83 /* XCRemoteSwiftPackageReference "SDWebImage" */;
			productName = SDWebImage;
		};
		EA208E4028FA287600D8DFD1 /* SlidingBanner */ = {
			isa = XCSwiftPackageProductDependency;
			productName = SlidingBanner;
		};
		EA3D14292826E7D200387419 /* Alamofire */ = {
			isa = XCSwiftPackageProductDependency;
			package = EA3D14282826E7D200387419 /* XCRemoteSwiftPackageReference "Alamofire" */;
			productName = Alamofire;
		};
		EA3D142C2826E81500387419 /* AlamofireImage */ = {
			isa = XCSwiftPackageProductDependency;
			package = EA3D142B2826E81500387419 /* XCRemoteSwiftPackageReference "AlamofireImage" */;
			productName = AlamofireImage;
		};
		EA3D1459282826DA00387419 /* FirebaseCrashlytics */ = {
			isa = XCSwiftPackageProductDependency;
			package = EA3D1458282826DA00387419 /* XCRemoteSwiftPackageReference "firebase-ios-sdk" */;
			productName = FirebaseCrashlytics;
		};
		EA3D145B282826DA00387419 /* FirebaseDatabase */ = {
			isa = XCSwiftPackageProductDependency;
			package = EA3D1458282826DA00387419 /* XCRemoteSwiftPackageReference "firebase-ios-sdk" */;
			productName = FirebaseDatabase;
		};
		EA3D145F282826DA00387419 /* FirebaseFirestore */ = {
			isa = XCSwiftPackageProductDependency;
			package = EA3D1458282826DA00387419 /* XCRemoteSwiftPackageReference "firebase-ios-sdk" */;
			productName = FirebaseFirestore;
		};
		EA3D14662828367500387419 /* FirebaseAuth */ = {
			isa = XCSwiftPackageProductDependency;
			package = EA3D1458282826DA00387419 /* XCRemoteSwiftPackageReference "firebase-ios-sdk" */;
			productName = FirebaseAuth;
		};
		EAB1088428F2EC2900774763 /* SimpleLineChart */ = {
			isa = XCSwiftPackageProductDependency;
			productName = SimpleLineChart;
		};
		EAC9AECD2841608A00608A32 /* GoogleSignIn */ = {
			isa = XCSwiftPackageProductDependency;
			package = EAC9AECC2841608A00608A32 /* XCRemoteSwiftPackageReference "GoogleSignIn-iOS" */;
			productName = GoogleSignIn;
		};
		EAC9AECF2841608A00608A32 /* GoogleSignInSwift */ = {
			isa = XCSwiftPackageProductDependency;
			package = EAC9AECC2841608A00608A32 /* XCRemoteSwiftPackageReference "GoogleSignIn-iOS" */;
			productName = GoogleSignInSwift;
		};
/* End XCSwiftPackageProductDependency section */

/* Begin XCVersionGroup section */
		20858D60272448B200993B5E /* sendo.xcdatamodeld */ = {
			isa = XCVersionGroup;
			children = (
				20858D61272448B200993B5E /* sendo.xcdatamodel */,
			);
			currentVersion = 20858D61272448B200993B5E /* sendo.xcdatamodel */;
			path = sendo.xcdatamodeld;
			sourceTree = "<group>";
			versionGroupType = wrapper.xcdatamodel;
		};
/* End XCVersionGroup section */
	};
	rootObject = 20858D4C272448B200993B5E /* Project object */;
}
